
Microsoft Visual Studio Solution File, Format Version 12.00
# Visual Studio Version 17
VisualStudioVersion = 17.12.35506.116 d17.12
MinimumVisualStudioVersion = 10.0.40219.1
Project("{FAE04EC0-301F-11D3-BF4B-00C04F79EFBC}") = "VCadApi", "VCadApi.csproj", "{5A8FBE5F-5442-4121-89E3-715AAFC527F1}"
EndProject
Project("{FAE04EC0-301F-11D3-BF4B-00C04F79EFBC}") = "VCadApi.Domain", "..\VCadApi.Domain\VCadApi.Domain.csproj", "{CFAE6B63-DC6C-47C2-8BE3-6E7B07677A8E}"
EndProject
Project("{FAE04EC0-301F-11D3-BF4B-00C04F79EFBC}") = "VCadApi.Application", "..\VCadApi.Application\VCadApi.Application.csproj", "{5C20ED65-7183-4E52-ADC5-8DB5B4C7F94F}"
EndProject
Project("{FAE04EC0-301F-11D3-BF4B-00C04F79EFBC}") = "VCadApi.Infrastructure", "..\VCadApi.Infrastructure\VCadApi.Infrastructure.csproj", "{1BFA5CD5-A98F-4CD2-A300-814D56FDF7B7}"
EndProject
Global
	GlobalSection(SolutionConfigurationPlatforms) = preSolution
		Debug|Any CPU = Debug|Any CPU
		Release|Any CPU = Release|Any CPU
	EndGlobalSection
	GlobalSection(ProjectConfigurationPlatforms) = postSolution
		{5A8FBE5F-5442-4121-89E3-715AAFC527F1}.Debug|Any CPU.ActiveCfg = Debug|Any CPU
		{5A8FBE5F-5442-4121-89E3-715AAFC527F1}.Debug|Any CPU.Build.0 = Debug|Any CPU
		{5A8FBE5F-5442-4121-89E3-715AAFC527F1}.Release|Any CPU.ActiveCfg = Release|Any CPU
		{5A8FBE5F-5442-4121-89E3-715AAFC527F1}.Release|Any CPU.Build.0 = Release|Any CPU
		{CFAE6B63-DC6C-47C2-8BE3-6E7B07677A8E}.Debug|Any CPU.ActiveCfg = Debug|Any CPU
		{CFAE6B63-DC6C-47C2-8BE3-6E7B07677A8E}.Debug|Any CPU.Build.0 = Debug|Any CPU
		{CFAE6B63-DC6C-47C2-8BE3-6E7B07677A8E}.Release|Any CPU.ActiveCfg = Release|Any CPU
		{CFAE6B63-DC6C-47C2-8BE3-6E7B07677A8E}.Release|Any CPU.Build.0 = Release|Any CPU
		{5C20ED65-7183-4E52-ADC5-8DB5B4C7F94F}.Debug|Any CPU.ActiveCfg = Debug|Any CPU
		{5C20ED65-7183-4E52-ADC5-8DB5B4C7F94F}.Debug|Any CPU.Build.0 = Debug|Any CPU
		{5C20ED65-7183-4E52-ADC5-8DB5B4C7F94F}.Release|Any CPU.ActiveCfg = Release|Any CPU
		{5C20ED65-7183-4E52-ADC5-8DB5B4C7F94F}.Release|Any CPU.Build.0 = Release|Any CPU
		{1BFA5CD5-A98F-4CD2-A300-814D56FDF7B7}.Debug|Any CPU.ActiveCfg = Debug|Any CPU
		{1BFA5CD5-A98F-4CD2-A300-814D56FDF7B7}.Debug|Any CPU.Build.0 = Debug|Any CPU
		{1BFA5CD5-A98F-4CD2-A300-814D56FDF7B7}.Release|Any CPU.ActiveCfg = Release|Any CPU
		{1BFA5CD5-A98F-4CD2-A300-814D56FDF7B7}.Release|Any CPU.Build.0 = Release|Any CPU
	EndGlobalSection
	GlobalSection(SolutionProperties) = preSolution
		HideSolutionNode = FALSE
	EndGlobalSection
EndGlobal
